PODS:
  - AFNetworking (3.0.4):
    - AFNetworking/NSURLSession (= 3.0.4)
    - AFNetworking/Reachability (= 3.0.4)
    - AFNetworking/Security (= 3.0.4)
    - AFNetworking/Serialization (= 3.0.4)
    - AFNetworking/UIKit (= 3.0.4)
  - AFNetworking/NSURLSession (3.0.4):
    - AFNetworking/Reachability
    - AFNetworking/Security
    - AFNetworking/Serialization
  - AFNetworking/Reachability (3.0.4)
  - AFNetworking/Security (3.0.4)
  - AFNetworking/Serialization (3.0.4)
  - AFNetworking/UIKit (3.0.4):
    - AFNetworking/NSURLSession
  - ReactiveObjC (3.0.0)
  - SDWebImage (3.8.3):
    - SDWebImage/Core (= 3.8.3)
  - SDWebImage/Core (3.8.3)

DEPENDENCIES:
  - AFNetworking (~> 3.0.0)
  - ReactiveObjC (~> 3.0.0)
  - SDWebImage (~> 3.8.2)

SPEC REPOS:
  trunk:
    - AFNetworking
    - ReactiveObjC
    - SDWebImage

SPEC CHECKSUMS:
  AFNetworking: a0075feb321559dc78d9d85b55d11caa19eabb93
  ReactiveObjC: ce79989e8684b9086b5f8d0c74bc7b81a8729c9e
  SDWebImage: a72e880a8fe0f7fc31efe15aaed443c074d2a80c

PODFILE CHECKSUM: 5b05a751eba11010fed0f1d9a97865131cad791d

COCOAPODS: 1.8.3
